
Microsoft Visual Studio Solution File, Format Version 12.00
# Visual Studio 15
VisualStudioVersion = 15.0.26228.0
MinimumVisualStudioVersion = 10.0.40219.1
Project("{2150E333-8FDC-42A3-9474-1A3956D46DE8}") = "src", "src", "{6FEA2859-8EDF-4D39-B353-F116D1A230D7}"
EndProject
Project("{2150E333-8FDC-42A3-9474-1A3956D46DE8}") = "Solution Items", "Solution Items", "{8B23E6C7-8147-4BA8-8B03-6129BD1ACF10}"
EndProject
Project("{9A19103F-16F7-4668-BE54-9A1E7A4F7556}") = "Middleware", "src\Middleware\Middleware.csproj", "{10A191FD-FABA-49DD-8BC3-6CB058DD4FBE}"
EndProject
Global
	GlobalSection(SolutionConfigurationPlatforms) = preSolution
		Debug|Any CPU = Debug|Any CPU
		Release|Any CPU = Release|Any CPU
	EndGlobalSection
	GlobalSection(ProjectConfigurationPlatforms) = postSolution
		{10A191FD-FABA-49DD-8BC3-6CB058DD4FBE}.Debug|Any CPU.ActiveCfg = Debug|Any CPU
		{10A191FD-FABA-49DD-8BC3-6CB058DD4FBE}.Debug|Any CPU.Build.0 = Debug|Any CPU
		{10A191FD-FABA-49DD-8BC3-6CB058DD4FBE}.Release|Any CPU.ActiveCfg = Release|Any CPU
		{10A191FD-FABA-49DD-8BC3-6CB058DD4FBE}.Release|Any CPU.Build.0 = Release|Any CPU
	EndGlobalSection
	GlobalSection(SolutionProperties) = preSolution
		HideSolutionNode = FALSE
	EndGlobalSection
	GlobalSection(NestedProjects) = preSolution
		{10A191FD-FABA-49DD-8BC3-6CB058DD4FBE} = {6FEA2859-8EDF-4D39-B353-F116D1A230D7}
	EndGlobalSection
EndGlobal
